{
    "_meta": {
        "hash": {
            "sha256": "2345b70fe1facd197560ec0fd6ee064d2170d7eaa4f13f3a1dfe0e87dbecfa68"
        },
        "pipfile-spec": 6,
        "requires": {
            "python_version": "3"
        },
        "sources": [
            {
                "name": "pypi",
                "url": "https://pypi.org/simple",
                "verify_ssl": true
            }
        ]
    },
    "default": {
        "click": {
            "hashes": [
                "sha256:2335065e6395b9e67ca716de5f7526736bfa6ceead690adf616d925bdc622b13",
                "sha256:5b94b49521f6456670fdb30cd82a4eca9412788a93fa6dd6df72c94d5a8ff2d7"
            ],
            "index": "pypi",
            "version": "==7.0"
        },
        "music21": {
            "hashes": [
                "sha256:7611ed1d625717db2dc4623f830215a43b4c7b1a41190364a6a0a1a53250455c"
            ],
            "index": "pypi",
            "version": "==5.7.0"
        }
    },
    "develop": {}
}
